// !$*UTF8*$!
{
	archiveVersion = 1;
	classes = {
	};
	objectVersion = 51;
	objects = {

/* Begin PBXBuildFile section */
		21D1CF7624559C0D00B76B10 /* AppDelegate.swift in Sources */ = {isa = PBXBuildFile; fileRef = 21D1CF7524559C0D00B76B10 /* AppDelegate.swift */; };
		21D1CF7824559C0D00B76B10 /* SceneDelegate.swift in Sources */ = {isa = PBXBuildFile; fileRef = 21D1CF7724559C0D00B76B10 /* SceneDelegate.swift */; };
		21D1CF7D24559C0D00B76B10 /* Main.storyboard in Resources */ = {isa = PBXBuildFile; fileRef = 21D1CF7B24559C0D00B76B10 /* Main.storyboard */; };
		21D1CF7F24559C1400B76B10 /* Assets.xcassets in Resources */ = {isa = PBXBuildFile; fileRef = 21D1CF7E24559C1400B76B10 /* Assets.xcassets */; };
		21D1CF8224559C1400B76B10 /* LaunchScreen.storyboard in Resources */ = {isa = PBXBuildFile; fileRef = 21D1CF8024559C1400B76B10 /* LaunchScreen.storyboard */; };
		21D1CF9424563EF200B76B10 /* RefrigetorTableViewController.swift in Sources */ = {isa = PBXBuildFile; fileRef = 21D1CF9324563EF200B76B10 /* RefrigetorTableViewController.swift */; };
		21D1CF9824563F5500B76B10 /* Food.swift in Sources */ = {isa = PBXBuildFile; fileRef = 21D1CF9724563F5500B76B10 /* Food.swift */; };
		21D1CF9C24564C4500B76B10 /* AddFoodViewController.swift in Sources */ = {isa = PBXBuildFile; fileRef = 21D1CF9B24564C4500B76B10 /* AddFoodViewController.swift */; };
		96B4BFB330E3E1BFC31271CF /* Pods_WareHouse.framework in Frameworks */ = {isa = PBXBuildFile; fileRef = A0115F009CCFFBED6766AF24 /* Pods_WareHouse.framework */; };
/* End PBXBuildFile section */

/* Begin PBXFileReference section */
		122C084A8172840DCBD0A68A /* Pods-WareHouse.debug.xcconfig */ = {isa = PBXFileReference; includeInIndex = 1; lastKnownFileType = text.xcconfig; name = "Pods-WareHouse.debug.xcconfig"; path = "Target Support Files/Pods-WareHouse/Pods-WareHouse.debug.xcconfig"; sourceTree = "<group>"; };
		21D1CF7224559C0D00B76B10 /* WareHouse.app */ = {isa = PBXFileReference; explicitFileType = wrapper.application; includeInIndex = 0; path = WareHouse.app; sourceTree = BUILT_PRODUCTS_DIR; };
		21D1CF7524559C0D00B76B10 /* AppDelegate.swift */ = {isa = PBXFileReference; lastKnownFileType = sourcecode.swift; path = AppDelegate.swift; sourceTree = "<group>"; };
		21D1CF7724559C0D00B76B10 /* SceneDelegate.swift */ = {isa = PBXFileReference; lastKnownFileType = sourcecode.swift; path = SceneDelegate.swift; sourceTree = "<group>"; };
		21D1CF7C24559C0D00B76B10 /* Base */ = {isa = PBXFileReference; lastKnownFileType = file.storyboard; name = Base; path = Base.lproj/Main.storyboard; sourceTree = "<group>"; };
		21D1CF7E24559C1400B76B10 /* Assets.xcassets */ = {isa = PBXFileReference; lastKnownFileType = folder.assetcatalog; path = Assets.xcassets; sourceTree = "<group>"; };
		21D1CF8124559C1400B76B10 /* Base */ = {isa = PBXFileReference; lastKnownFileType = file.storyboard; name = Base; path = Base.lproj/LaunchScreen.storyboard; sourceTree = "<group>"; };
		21D1CF8324559C1400B76B10 /* Info.plist */ = {isa = PBXFileReference; lastKnownFileType = text.plist.xml; path = Info.plist; sourceTree = "<group>"; };
		21D1CF9324563EF200B76B10 /* RefrigetorTableViewController.swift */ = {isa = PBXFileReference; fileEncoding = 4; lastKnownFileType = sourcecode.swift; path = RefrigetorTableViewController.swift; sourceTree = "<group>"; };
		21D1CF9724563F5500B76B10 /* Food.swift */ = {isa = PBXFileReference; lastKnownFileType = sourcecode.swift; path = Food.swift; sourceTree = "<group>"; };
		21D1CF9B24564C4500B76B10 /* AddFoodViewController.swift */ = {isa = PBXFileReference; lastKnownFileType = sourcecode.swift; path = AddFoodViewController.swift; sourceTree = "<group>"; };
		685C96096BC400F7088EDA47 /* Pods-WareHouse.release.xcconfig */ = {isa = PBXFileReference; includeInIndex = 1; lastKnownFileType = text.xcconfig; name = "Pods-WareHouse.release.xcconfig"; path = "Target Support Files/Pods-WareHouse/Pods-WareHouse.release.xcconfig"; sourceTree = "<group>"; };
		A0115F009CCFFBED6766AF24 /* Pods_WareHouse.framework */ = {isa = PBXFileReference; explicitFileType = wrapper.framework; includeInIndex = 0; path = Pods_WareHouse.framework; sourceTree = BUILT_PRODUCTS_DIR; };
/* End PBXFileReference section */

/* Begin PBXFrameworksBuildPhase section */
		21D1CF6F24559C0D00B76B10 /* Frameworks */ = {
			isa = PBXFrameworksBuildPhase;
			buildActionMask = 2147483647;
			files = (
				96B4BFB330E3E1BFC31271CF /* Pods_WareHouse.framework in Frameworks */,
			);
			runOnlyForDeploymentPostprocessing = 0;
		};
/* End PBXFrameworksBuildPhase section */

/* Begin PBXGroup section */
		21D1CF6924559C0D00B76B10 = {
			isa = PBXGroup;
			children = (
				21D1CF7424559C0D00B76B10 /* WareHouse */,
				21D1CF7324559C0D00B76B10 /* Products */,
				A79E6D4EB0D6777F820EEBDF /* Pods */,
				4199DDA1C1C7FBF53A1D0D9D /* Frameworks */,
			);
			sourceTree = "<group>";
		};
		21D1CF7324559C0D00B76B10 /* Products */ = {
			isa = PBXGroup;
			children = (
				21D1CF7224559C0D00B76B10 /* WareHouse.app */,
			);
			name = Products;
			sourceTree = "<group>";
		};
		21D1CF7424559C0D00B76B10 /* WareHouse */ = {
			isa = PBXGroup;
			children = (
				21D1CF9D24565C9A00B76B10 /* Controller */,
				21D1CF9E24565CB700B76B10 /* Model */,
				21D1CF7B24559C0D00B76B10 /* Main.storyboard */,
				21D1CF7E24559C1400B76B10 /* Assets.xcassets */,
				21D1CF7524559C0D00B76B10 /* AppDelegate.swift */,
				21D1CF7724559C0D00B76B10 /* SceneDelegate.swift */,
				21D1CF8024559C1400B76B10 /* LaunchScreen.storyboard */,
				21D1CF8324559C1400B76B10 /* Info.plist */,
			);
			path = WareHouse;
			sourceTree = "<group>";
		};
		21D1CF9D24565C9A00B76B10 /* Controller */ = {
			isa = PBXGroup;
			children = (
				21D1CF9324563EF200B76B10 /* RefrigetorTableViewController.swift */,
				21D1CF9B24564C4500B76B10 /* AddFoodViewController.swift */,
			);
			path = Controller;
			sourceTree = "<group>";
		};
		21D1CF9E24565CB700B76B10 /* Model */ = {
			isa = PBXGroup;
			children = (
				21D1CF9724563F5500B76B10 /* Food.swift */,
			);
			path = Model;
			sourceTree = "<group>";
		};
		4199DDA1C1C7FBF53A1D0D9D /* Frameworks */ = {
			isa = PBXGroup;
			children = (
				A0115F009CCFFBED6766AF24 /* Pods_WareHouse.framework */,
			);
			name = Frameworks;
			sourceTree = "<group>";
		};
		A79E6D4EB0D6777F820EEBDF /* Pods */ = {
			isa = PBXGroup;
			children = (
				122C084A8172840DCBD0A68A /* Pods-WareHouse.debug.xcconfig */,
				685C96096BC400F7088EDA47 /* Pods-WareHouse.release.xcconfig */,
			);
			path = Pods;
			sourceTree = "<group>";
		};
/* End PBXGroup section */

/* Begin PBXNativeTarget section */
		21D1CF7124559C0D00B76B10 /* WareHouse */ = {
			isa = PBXNativeTarget;
			buildConfigurationList = 21D1CF8624559C1400B76B10 /* Build configuration list for PBXNativeTarget "WareHouse" */;
			buildPhases = (
				84AF902BC347D12969BA4FB5 /* [CP] Check Pods Manifest.lock */,
				21D1CF6E24559C0D00B76B10 /* Sources */,
				21D1CF6F24559C0D00B76B10 /* Frameworks */,
				21D1CF7024559C0D00B76B10 /* Resources */,
				8366E62D2F6436BAE043BBBD /* [CP] Embed Pods Frameworks */,
			);
			buildRules = (
			);
			dependencies = (
			);
			name = WareHouse;
			productName = WareHouse;
			productReference = 21D1CF7224559C0D00B76B10 /* WareHouse.app */;
			productType = "com.apple.product-type.application";
		};
/* End PBXNativeTarget section */

/* Begin PBXProject section */
		21D1CF6A24559C0D00B76B10 /* Project object */ = {
			isa = PBXProject;
			attributes = {
				LastSwiftUpdateCheck = 1140;
				LastUpgradeCheck = 1140;
				ORGANIZATIONNAME = hojung;
				TargetAttributes = {
					21D1CF7124559C0D00B76B10 = {
						CreatedOnToolsVersion = 11.4.1;
					};
				};
			};
			buildConfigurationList = 21D1CF6D24559C0D00B76B10 /* Build configuration list for PBXProject "WareHouse" */;
			compatibilityVersion = "Xcode 9.3";
			developmentRegion = en;
			hasScannedForEncodings = 0;
			knownRegions = (
				en,
				Base,
			);
			mainGroup = 21D1CF6924559C0D00B76B10;
			productRefGroup = 21D1CF7324559C0D00B76B10 /* Products */;
			projectDirPath = "";
			projectRoot = "";
			targets = (
				21D1CF7124559C0D00B76B10 /* WareHouse */,
			);
		};
/* End PBXProject section */

/* Begin PBXResourcesBuildPhase section */
		21D1CF7024559C0D00B76B10 /* Resources */ = {
			isa = PBXResourcesBuildPhase;
			buildActionMask = 2147483647;
			files = (
				21D1CF8224559C1400B76B10 /* LaunchScreen.storyboard in Resources */,
				21D1CF7F24559C1400B76B10 /* Assets.xcassets in Resources */,
				21D1CF7D24559C0D00B76B10 /* Main.storyboard in Resources */,
			);
			runOnlyForDeploymentPostprocessing = 0;
		};
/* End PBXResourcesBuildPhase section */

/* Begin PBXShellScriptBuildPhase section */
		8366E62D2F6436BAE043BBBD /* [CP] Embed Pods Frameworks */ = {
			isa = PBXShellScriptBuildPhase;
			buildActionMask = 2147483647;
			files = (
			);
			inputFileListPaths = (
				"${PODS_ROOT}/Target Support Files/Pods-WareHouse/Pods-WareHouse-frameworks-${CONFIGURATION}-input-files.xcfilelist",
			);
			name = "[CP] Embed Pods Frameworks";
			outputFileListPaths = (
				"${PODS_ROOT}/Target Support Files/Pods-WareHouse/Pods-WareHouse-frameworks-${CONFIGURATION}-output-files.xcfilelist",
			);
			runOnlyForDeploymentPostprocessing = 0;
			shellPath = /bin/sh;
			shellScript = "\"${PODS_ROOT}/Target Support Files/Pods-WareHouse/Pods-WareHouse-frameworks.sh\"\n";
			showEnvVarsInLog = 0;
		};
		84AF902BC347D12969BA4FB5 /* [CP] Check Pods Manifest.lock */ = {
			isa = PBXShellScriptBuildPhase;
			buildActionMask = 2147483647;
			files = (
			);
			inputFileListPaths = (
			);
			inputPaths = (
				"${PODS_PODFILE_DIR_PATH}/Podfile.lock",
				"${PODS_ROOT}/Manifest.lock",
			);
			name = "[CP] Check Pods Manifest.lock";
			outputFileListPaths = (
			);
			outputPaths = (
				"$(DERIVED_FILE_DIR)/Pods-WareHouse-checkManifestLockResult.txt",
			);
			runOnlyForDeploymentPostprocessing = 0;
			shellPath = /bin/sh;
			shellScript = "diff \"${PODS_PODFILE_DIR_PATH}/Podfile.lock\" \"${PODS_ROOT}/Manifest.lock\" > /dev/null\nif [ $? != 0 ] ; then\n    # print error to STDERR\n    echo \"error: The sandbox is not in sync with the Podfile.lock. Run 'pod install' or update your CocoaPods installation.\" >&2\n    exit 1\nfi\n# This output is used by Xcode 'outputs' to avoid re-running this script phase.\necho \"SUCCESS\" > \"${SCRIPT_OUTPUT_FILE_0}\"\n";
			showEnvVarsInLog = 0;
		};
/* End PBXShellScriptBuildPhase section */

/* Begin PBXSourcesBuildPhase section */
		21D1CF6E24559C0D00B76B10 /* Sources */ = {
			isa = PBXSourcesBuildPhase;
			buildActionMask = 2147483647;
			files = (
				21D1CF9C24564C4500B76B10 /* AddFoodViewController.swift in Sources */,
				21D1CF7624559C0D00B76B10 /* AppDelegate.swift in Sources */,
				21D1CF9824563F5500B76B10 /* Food.swift in Sources */,
				21D1CF9424563EF200B76B10 /* RefrigetorTableViewController.swift in Sources */,
				21D1CF7824559C0D00B76B10 /* SceneDelegate.swift in Sources */,
			);
			runOnlyForDeploymentPostprocessing = 0;
		};
/* End PBXSourcesBuildPhase section */

/* Begin PBXVariantGroup section */
		21D1CF7B24559C0D00B76B10 /* Main.storyboard */ = {
			isa = PBXVariantGroup;
			children = (
				21D1CF7C24559C0D00B76B10 /* Base */,
			);
			name = Main.storyboard;
			sourceTree = "<group>";
		};
		21D1CF8024559C1400B76B10 /* LaunchScreen.storyboard */ = {
			isa = PBXVariantGroup;
			children = (
				21D1CF8124559C1400B76B10 /* Base */,
			);
			name = LaunchScreen.storyboard;
			sourceTree = "<group>";
		};
/* End PBXVariantGroup section */

/* Begin XCBuildConfiguration section */
		21D1CF8424559C1400B76B10 /* Debug */ = {
			isa = XCBuildConfiguration;
			buildSettings = {
				ALWAYS_SEARCH_USER_PATHS = NO;
				CLANG_ANALYZER_NONNULL = YES;
				CLANG_ANALYZER_NUMBER_OBJECT_CONVERSION = YES_AGGRESSIVE;
				CLANG_CXX_LANGUAGE_STANDARD = "gnu++14";
				CLANG_CXX_LIBRARY = "libc++";
				CLANG_ENABLE_MODULES = YES;
				CLANG_ENABLE_OBJC_ARC = YES;
				CLANG_ENABLE_OBJC_WEAK = YES;
				CLANG_WARN_BLOCK_CAPTURE_AUTORELEASING = YES;
				CLANG_WARN_BOOL_CONVERSION = YES;
				CLANG_WARN_COMMA = YES;
				CLANG_WARN_CONSTANT_CONVERSION = YES;
				CLANG_WARN_DEPRECATED_OBJC_IMPLEMENTATIONS = YES;
				CLANG_WARN_DIRECT_OBJC_ISA_USAGE = YES_ERROR;
				CLANG_WARN_DOCUMENTATION_COMMENTS = YES;
				CLANG_WARN_EMPTY_BODY = YES;
				CLANG_WARN_ENUM_CONVERSION = YES;
				CLANG_WARN_INFINITE_RECURSION = YES;
				CLANG_WARN_INT_CONVERSION = YES;
				CLANG_WARN_NON_LITERAL_NULL_CONVERSION = YES;
				CLANG_WARN_OBJC_IMPLICIT_RETAIN_SELF = YES;
				CLANG_WARN_OBJC_LITERAL_CONVERSION = YES;
				CLANG_WARN_OBJC_ROOT_CLASS = YES_ERROR;
				CLANG_WARN_RANGE_LOOP_ANALYSIS = YES;
				CLANG_WARN_STRICT_PROTOTYPES = YES;
				CLANG_WARN_SUSPICIOUS_MOVE = YES;
				CLANG_WARN_UNGUARDED_AVAILABILITY = YES_AGGRESSIVE;
				CLANG_WARN_UNREACHABLE_CODE = YES;
				CLANG_WARN__DUPLICATE_METHOD_MATCH = YES;
				COPY_PHASE_STRIP = NO;
				DEBUG_INFORMATION_FORMAT = dwarf;
				ENABLE_STRICT_OBJC_MSGSEND = YES;
				ENABLE_TESTABILITY = YES;
				GCC_C_LANGUAGE_STANDARD = gnu11;
				GCC_DYNAMIC_NO_PIC = NO;
				GCC_NO_COMMON_BLOCKS = YES;
				GCC_OPTIMIZATION_LEVEL = 0;
				GCC_PREPROCESSOR_DEFINITIONS = (
					"DEBUG=1",
					"$(inherited)",
				);
				GCC_WARN_64_TO_32_BIT_CONVERSION = YES;
				GCC_WARN_ABOUT_RETURN_TYPE = YES_ERROR;
				GCC_WARN_UNDECLARED_SELECTOR = YES;
				GCC_WARN_UNINITIALIZED_AUTOS = YES_AGGRESSIVE;
				GCC_WARN_UNUSED_FUNCTION = YES;
				GCC_WARN_UNUSED_VARIABLE = YES;
				IPHONEOS_DEPLOYMENT_TARGET = 13.4;
				MTL_ENABLE_DEBUG_INFO = INCLUDE_SOURCE;
				MTL_FAST_MATH = YES;
				ONLY_ACTIVE_ARCH = YES;
				SDKROOT = iphoneos;
				SWIFT_ACTIVE_COMPILATION_CONDITIONS = DEBUG;
				SWIFT_OPTIMIZATION_LEVEL = "-Onone";
			};
			name = Debug;
		};
		21D1CF8524559C1400B76B10 /* Release */ = {
			isa = XCBuildConfiguration;
			buildSettings = {
				ALWAYS_SEARCH_USER_PATHS = NO;
				CLANG_ANALYZER_NONNULL = YES;
				CLANG_ANALYZER_NUMBER_OBJECT_CONVERSION = YES_AGGRESSIVE;
				CLANG_CXX_LANGUAGE_STANDARD = "gnu++14";
				CLANG_CXX_LIBRARY = "libc++";
				CLANG_ENABLE_MODULES = YES;
				CLANG_ENABLE_OBJC_ARC = YES;
				CLANG_ENABLE_OBJC_WEAK = YES;
				CLANG_WARN_BLOCK_CAPTURE_AUTORELEASING = YES;
				CLANG_WARN_BOOL_CONVERSION = YES;
				CLANG_WARN_COMMA = YES;
				CLANG_WARN_CONSTANT_CONVERSION = YES;
				CLANG_WARN_DEPRECATED_OBJC_IMPLEMENTATIONS = YES;
				CLANG_WARN_DIRECT_OBJC_ISA_USAGE = YES_ERROR;
				CLANG_WARN_DOCUMENTATION_COMMENTS = YES;
				CLANG_WARN_EMPTY_BODY = YES;
				CLANG_WARN_ENUM_CONVERSION = YES;
				CLANG_WARN_INFINITE_RECURSION = YES;
				CLANG_WARN_INT_CONVERSION = YES;
				CLANG_WARN_NON_LITERAL_NULL_CONVERSION = YES;
				CLANG_WARN_OBJC_IMPLICIT_RETAIN_SELF = YES;
				CLANG_WARN_OBJC_LITERAL_CONVERSION = YES;
				CLANG_WARN_OBJC_ROOT_CLASS = YES_ERROR;
				CLANG_WARN_RANGE_LOOP_ANALYSIS = YES;
				CLANG_WARN_STRICT_PROTOTYPES = YES;
				CLANG_WARN_SUSPICIOUS_MOVE = YES;
				CLANG_WARN_UNGUARDED_AVAILABILITY = YES_AGGRESSIVE;
				CLANG_WARN_UNREACHABLE_CODE = YES;
				CLANG_WARN__DUPLICATE_METHOD_MATCH = YES;
				COPY_PHASE_STRIP = NO;
				DEBUG_INFORMATION_FORMAT = "dwarf-with-dsym";
				ENABLE_NS_ASSERTIONS = NO;
				ENABLE_STRICT_OBJC_MSGSEND = YES;
				GCC_C_LANGUAGE_STANDARD = gnu11;
				GCC_NO_COMMON_BLOCKS = YES;
				GCC_WARN_64_TO_32_BIT_CONVERSION = YES;
				GCC_WARN_ABOUT_RETURN_TYPE = YES_ERROR;
				GCC_WARN_UNDECLARED_SELECTOR = YES;
				GCC_WARN_UNINITIALIZED_AUTOS = YES_AGGRESSIVE;
				GCC_WARN_UNUSED_FUNCTION = YES;
				GCC_WARN_UNUSED_VARIABLE = YES;
				IPHONEOS_DEPLOYMENT_TARGET = 13.4;
				MTL_ENABLE_DEBUG_INFO = NO;
				MTL_FAST_MATH = YES;
				SDKROOT = iphoneos;
				SWIFT_COMPILATION_MODE = wholemodule;
				SWIFT_OPTIMIZATION_LEVEL = "-O";
				VALIDATE_PRODUCT = YES;
			};
			name = Release;
		};
		21D1CF8724559C1400B76B10 /* Debug */ = {
			isa = XCBuildConfiguration;
			baseConfigurationReference = 122C084A8172840DCBD0A68A /* Pods-WareHouse.debug.xcconfig */;
			buildSettings = {
				ASSETCATALOG_COMPILER_APPICON_NAME = AppIcon;
				CODE_SIGN_STYLE = Automatic;
				DEVELOPMENT_TEAM = 6X75H95U2T;
				INFOPLIST_FILE = WareHouse/Info.plist;
				LD_RUNPATH_SEARCH_PATHS = (
					"$(inherited)",
					"@executable_path/Frameworks",
				);
				PRODUCT_BUNDLE_IDENTIFIER = com.hiroshi.WareHouse;
				PRODUCT_NAME = "$(TARGET_NAME)";
				SWIFT_VERSION = 5.0;
				TARGETED_DEVICE_FAMILY = 1;
			};
			name = Debug;
		};
		21D1CF8824559C1400B76B10 /* Release */ = {
			isa = XCBuildConfiguration;
			baseConfigurationReference = 685C96096BC400F7088EDA47 /* Pods-WareHouse.release.xcconfig */;
			buildSettings = {
				ASSETCATALOG_COMPILER_APPICON_NAME = AppIcon;
				CODE_SIGN_STYLE = Automatic;
				DEVELOPMENT_TEAM = 6X75H95U2T;
				INFOPLIST_FILE = WareHouse/Info.plist;
				LD_RUNPATH_SEARCH_PATHS = (
					"$(inherited)",
					"@executable_path/Frameworks",
				);
				PRODUCT_BUNDLE_IDENTIFIER = com.hiroshi.WareHouse;
				PRODUCT_NAME = "$(TARGET_NAME)";
				SWIFT_VERSION = 5.0;
				TARGETED_DEVICE_FAMILY = 1;
			};
			name = Release;
		};
/* End XCBuildConfiguration section */

/* Begin XCConfigurationList section */
		21D1CF6D24559C0D00B76B10 /* Build configuration list for PBXProject "WareHouse" */ = {
			isa = XCConfigurationList;
			buildConfigurations = (
				21D1CF8424559C1400B76B10 /* Debug */,
				21D1CF8524559C1400B76B10 /* Release */,
			);
			defaultConfigurationIsVisible = 0;
			defaultConfigurationName = Release;
		};
		21D1CF8624559C1400B76B10 /* Build configuration list for PBXNativeTarget "WareHouse" */ = {
			isa = XCConfigurationList;
			buildConfigurations = (
				21D1CF8724559C1400B76B10 /* Debug */,
				21D1CF8824559C1400B76B10 /* Release */,
			);
			defaultConfigurationIsVisible = 0;
			defaultConfigurationName = Release;
		};
/* End XCConfigurationList section */
	};
	rootObject = 21D1CF6A24559C0D00B76B10 /* Project object */;
}
